{
  "pins" : [
    {
      "identity" : "alamofire",
      "kind" : "remoteSourceControl",
      "location" : "https://github.com/Alamofire/Alamofire.git",
      "state" : {
        "branch" : "master",
        "revision" : "b5c8945616aceab4c1afc96505314cb1a2947e7c"
      }
    }
  ],
  "version" : 2
}
