PODS:
  - ASN1Decoder (1.8.0)
  - BigInt (5.0.0)
  - boost (1.76.0)
  - CoinbaseWalletSDK/Client (1.0.4)
  - CoinbaseWalletSDK/CrossPlatform (1.0.4):
    - CoinbaseWalletSDK/Client
  - CoinbaseWalletSDKExpo (1.0.7):
    - CoinbaseWalletSDK/CrossPlatform (= 1.0.4)
    - ExpoModulesCore
  - Connect-Swift (0.3.0):
    - SwiftProtobuf (~> 1.20.3)
  - DoubleConversion (1.1.6)
  - EASClient (0.6.0):
    - ExpoModulesCore
  - EXApplication (5.3.0):
    - ExpoModulesCore
  - EXBackgroundFetch (11.3.0):
    - ExpoModulesCore
  - EXConstants (14.4.2):
    - ExpoModulesCore
  - EXFileSystem (15.4.3):
    - ExpoModulesCore
  - EXFont (11.4.0):
    - ExpoModulesCore
  - EXImageLoader (4.3.0):
    - ExpoModulesCore
    - React-Core
  - EXJSONUtils (0.7.1)
  - EXManifests (0.7.1):
    - ExpoModulesCore
  - EXNotifications (0.20.1):
    - ExpoModulesCore
  - Expo (49.0.16):
    - ExpoModulesCore
  - expo-dev-client (2.4.12):
    - EXManifests
    - expo-dev-launcher
    - expo-dev-menu
    - expo-dev-menu-interface
    - EXUpdatesInterface
  - expo-dev-launcher (2.4.14):
    - EXManifests
    - expo-dev-launcher/Main (= 2.4.14)
    - expo-dev-menu
    - expo-dev-menu-interface
    - ExpoModulesCore
    - EXUpdatesInterface
    - RCT-Folly (= 2021.07.22.00)
    - React-Core
    - React-RCTAppDelegate
  - expo-dev-launcher/Main (2.4.14):
    - EXManifests
    - expo-dev-launcher/Unsafe
    - expo-dev-menu
    - expo-dev-menu-interface
    - ExpoModulesCore
    - EXUpdatesInterface
    - RCT-Folly (= 2021.07.22.00)
    - React-Core
    - React-RCTAppDelegate
  - expo-dev-launcher/Unsafe (2.4.14):
    - EXManifests
    - expo-dev-menu
    - expo-dev-menu-interface
    - ExpoModulesCore
    - EXUpdatesInterface
    - RCT-Folly (= 2021.07.22.00)
    - React-Core
    - React-RCTAppDelegate
  - expo-dev-menu (3.2.2):
    - expo-dev-menu/Main (= 3.2.2)
    - RCT-Folly (= 2021.07.22.00)
    - React-Core
  - expo-dev-menu-interface (1.3.0)
  - expo-dev-menu/Main (3.2.2):
    - EXManifests
    - expo-dev-menu-interface
    - expo-dev-menu/Vendored
    - ExpoModulesCore
    - RCT-Folly (= 2021.07.22.00)
    - React-Core
  - expo-dev-menu/SafeAreaView (3.2.2):
    - ExpoModulesCore
    - RCT-Folly (= 2021.07.22.00)
    - React-Core
  - expo-dev-menu/Vendored (3.2.2):
    - expo-dev-menu/SafeAreaView
    - RCT-Folly (= 2021.07.22.00)
    - React-Core
  - ExpoClipboard (4.3.1):
    - ExpoModulesCore
  - ExpoCrypto (12.4.1):
    - ExpoModulesCore
  - ExpoDevice (5.4.0):
    - ExpoModulesCore
  - ExpoDocumentPicker (11.5.4):
    - ExpoModulesCore
  - ExpoImage (1.3.5):
    - ExpoModulesCore
    - SDWebImage (~> 5.15.8)
    - SDWebImageAVIFCoder (~> 0.10.0)
    - SDWebImageSVGCoder (~> 1.7.0)
    - SDWebImageWebPCoder (~> 0.11.0)
  - ExpoImageManipulator (11.3.0):
    - EXImageLoader
    - ExpoModulesCore
  - ExpoImagePicker (14.5.0):
    - ExpoModulesCore
  - ExpoKeepAwake (12.3.0):
    - ExpoModulesCore
  - ExpoModulesCore (1.5.11):
    - RCT-Folly (= 2021.07.22.00)
    - React-Core
    - React-NativeModulesApple
    - React-RCTAppDelegate
    - ReactCommon/turbomodule/core
  - ExpoSecureStore (12.3.1):
    - ExpoModulesCore
  - ExpoSystemUI (2.4.0):
    - ExpoModulesCore
  - EXSplashScreen (0.20.5):
    - ExpoModulesCore
    - RCT-Folly (= 2021.07.22.00)
    - React-Core
  - EXStructuredHeaders (3.3.0)
  - EXTaskManager (11.3.0):
    - ExpoModulesCore
    - UMAppLoader
  - EXUpdates (0.18.19):
    - ASN1Decoder (~> 1.8)
    - EASClient
    - EXManifests
    - ExpoModulesCore
    - EXStructuredHeaders
    - EXUpdatesInterface
    - RCT-Folly (= 2021.07.22.00)
    - ReachabilitySwift
    - React-Core
  - EXUpdatesInterface (0.10.1)
  - FBLazyVector (0.72.6)
  - FBReactNativeSpec (0.72.6):
    - RCT-Folly (= 2021.07.22.00)
    - RCTRequired (= 0.72.6)
    - RCTTypeSafety (= 0.72.6)
    - React-Core (= 0.72.6)
    - React-jsi (= 0.72.6)
    - ReactCommon/turbomodule/core (= 0.72.6)
  - fmt (6.2.1)
  - GenericJSON (2.0.2)
  - glog (0.3.5)
  - GzipSwift (5.1.1)
  - hermes-engine (0.72.6):
    - hermes-engine/Pre-built (= 0.72.6)
  - hermes-engine/Pre-built (0.72.6)
  - libaom (3.0.0):
    - libvmaf (>= 2.2.0)
  - libavif (0.11.1):
    - libavif/libaom (= 0.11.1)
  - libavif/core (0.11.1)
  - libavif/libaom (0.11.1):
    - libaom (>= 2.0.0)
    - libavif/core
  - libevent (2.1.12)
  - libvmaf (2.3.1)
  - libwebp (1.3.2):
    - libwebp/demux (= 1.3.2)
    - libwebp/mux (= 1.3.2)
    - libwebp/sharpyuv (= 1.3.2)
    - libwebp/webp (= 1.3.2)
  - libwebp/demux (1.3.2):
    - libwebp/webp
  - libwebp/mux (1.3.2):
    - libwebp/demux
  - libwebp/sharpyuv (1.3.2)
  - libwebp/webp (1.3.2):
    - libwebp/sharpyuv
  - Logging (1.0.0)
  - MessagePacker (0.4.7)
  - MMKV (1.3.1):
    - MMKVCore (~> 1.3.1)
  - MMKVAppExtension (1.3.1):
    - MMKVCore (~> 1.3.1)
  - MMKVCore (1.3.1)
  - RCT-Folly (2021.07.22.00):
    - boost
    - DoubleConversion
    - fmt (~> 6.2.1)
    - glog
    - RCT-Folly/Default (= 2021.07.22.00)
  - RCT-Folly/Default (2021.07.22.00):
    - boost
    - DoubleConversion
    - fmt (~> 6.2.1)
    - glog
  - RCT-Folly/Futures (2021.07.22.00):
    - boost
    - DoubleConversion
    - fmt (~> 6.2.1)
    - glog
    - libevent
  - RCTRequired (0.72.6)
  - RCTTypeSafety (0.72.6):
    - FBLazyVector (= 0.72.6)
    - RCTRequired (= 0.72.6)
    - React-Core (= 0.72.6)
  - ReachabilitySwift (5.0.0)
  - React (0.72.6):
    - React-Core (= 0.72.6)
    - React-Core/DevSupport (= 0.72.6)
    - React-Core/RCTWebSocket (= 0.72.6)
    - React-RCTActionSheet (= 0.72.6)
    - React-RCTAnimation (= 0.72.6)
    - React-RCTBlob (= 0.72.6)
    - React-RCTImage (= 0.72.6)
    - React-RCTLinking (= 0.72.6)
    - React-RCTNetwork (= 0.72.6)
    - React-RCTSettings (= 0.72.6)
    - React-RCTText (= 0.72.6)
    - React-RCTVibration (= 0.72.6)
  - React-callinvoker (0.72.6)
  - React-Codegen (0.72.6):
    - DoubleConversion
    - FBReactNativeSpec
    - glog
    - hermes-engine
    - RCT-Folly
    - RCTRequired
    - RCTTypeSafety
    - React-Core
    - React-jsi
    - React-jsiexecutor
    - React-NativeModulesApple
    - React-rncore
    - ReactCommon/turbomodule/bridging
    - ReactCommon/turbomodule/core
  - React-Core (0.72.6):
    - glog
    - hermes-engine
    - RCT-Folly (= 2021.07.22.00)
    - React-Core/Default (= 0.72.6)
    - React-cxxreact
    - React-hermes
    - React-jsi
    - React-jsiexecutor
    - React-perflogger
    - React-runtimeexecutor
    - React-utils
    - SocketRocket (= 0.6.1)
    - Yoga
  - React-Core/CoreModulesHeaders (0.72.6):
    - glog
    - hermes-engine
    - RCT-Folly (= 2021.07.22.00)
    - React-Core/Default
    - React-cxxreact
    - React-hermes
    - React-jsi
    - React-jsiexecutor
    - React-perflogger
    - React-runtimeexecutor
    - React-utils
    - SocketRocket (= 0.6.1)
    - Yoga
  - React-Core/Default (0.72.6):
    - glog
    - hermes-engine
    - RCT-Folly (= 2021.07.22.00)
    - React-cxxreact
    - React-hermes
    - React-jsi
    - React-jsiexecutor
    - React-perflogger
    - React-runtimeexecutor
    - React-utils
    - SocketRocket (= 0.6.1)
    - Yoga
  - React-Core/DevSupport (0.72.6):
    - glog
    - hermes-engine
    - RCT-Folly (= 2021.07.22.00)
    - React-Core/Default (= 0.72.6)
    - React-Core/RCTWebSocket (= 0.72.6)
    - React-cxxreact
    - React-hermes
    - React-jsi
    - React-jsiexecutor
    - React-jsinspector (= 0.72.6)
    - React-perflogger
    - React-runtimeexecutor
    - React-utils
    - SocketRocket (= 0.6.1)
    - Yoga
  - React-Core/RCTActionSheetHeaders (0.72.6):
    - glog
    - hermes-engine
    - RCT-Folly (= 2021.07.22.00)
    - React-Core/Default
    - React-cxxreact
    - React-hermes
    - React-jsi
    - React-jsiexecutor
    - React-perflogger
    - React-runtimeexecutor
    - React-utils
    - SocketRocket (= 0.6.1)
    - Yoga
  - React-Core/RCTAnimationHeaders (0.72.6):
    - glog
    - hermes-engine
    - RCT-Folly (= 2021.07.22.00)
    - React-Core/Default
    - React-cxxreact
    - React-hermes
    - React-jsi
    - React-jsiexecutor
    - React-perflogger
    - React-runtimeexecutor
    - React-utils
    - SocketRocket (= 0.6.1)
    - Yoga
  - React-Core/RCTBlobHeaders (0.72.6):
    - glog
    - hermes-engine
    - RCT-Folly (= 2021.07.22.00)
    - React-Core/Default
    - React-cxxreact
    - React-hermes
    - React-jsi
    - React-jsiexecutor
    - React-perflogger
    - React-runtimeexecutor
    - React-utils
    - SocketRocket (= 0.6.1)
    - Yoga
  - React-Core/RCTImageHeaders (0.72.6):
    - glog
    - hermes-engine
    - RCT-Folly (= 2021.07.22.00)
    - React-Core/Default
    - React-cxxreact
    - React-hermes
    - React-jsi
    - React-jsiexecutor
    - React-perflogger
    - React-runtimeexecutor
    - React-utils
    - SocketRocket (= 0.6.1)
    - Yoga
  - React-Core/RCTLinkingHeaders (0.72.6):
    - glog
    - hermes-engine
    - RCT-Folly (= 2021.07.22.00)
    - React-Core/Default
    - React-cxxreact
    - React-hermes
    - React-jsi
    - React-jsiexecutor
    - React-perflogger
    - React-runtimeexecutor
    - React-utils
    - SocketRocket (= 0.6.1)
    - Yoga
  - React-Core/RCTNetworkHeaders (0.72.6):
    - glog
    - hermes-engine
    - RCT-Folly (= 2021.07.22.00)
    - React-Core/Default
    - React-cxxreact
    - React-hermes
    - React-jsi
    - React-jsiexecutor
    - React-perflogger
    - React-runtimeexecutor
    - React-utils
    - SocketRocket (= 0.6.1)
    - Yoga
  - React-Core/RCTSettingsHeaders (0.72.6):
    - glog
    - hermes-engine
    - RCT-Folly (= 2021.07.22.00)
    - React-Core/Default
    - React-cxxreact
    - React-hermes
    - React-jsi
    - React-jsiexecutor
    - React-perflogger
    - React-runtimeexecutor
    - React-utils
    - SocketRocket (= 0.6.1)
    - Yoga
  - React-Core/RCTTextHeaders (0.72.6):
    - glog
    - hermes-engine
    - RCT-Folly (= 2021.07.22.00)
    - React-Core/Default
    - React-cxxreact
    - React-hermes
    - React-jsi
    - React-jsiexecutor
    - React-perflogger
    - React-runtimeexecutor
    - React-utils
    - SocketRocket (= 0.6.1)
    - Yoga
  - React-Core/RCTVibrationHeaders (0.72.6):
    - glog
    - hermes-engine
    - RCT-Folly (= 2021.07.22.00)
    - React-Core/Default
    - React-cxxreact
    - React-hermes
    - React-jsi
    - React-jsiexecutor
    - React-perflogger
    - React-runtimeexecutor
    - React-utils
    - SocketRocket (= 0.6.1)
    - Yoga
  - React-Core/RCTWebSocket (0.72.6):
    - glog
    - hermes-engine
    - RCT-Folly (= 2021.07.22.00)
    - React-Core/Default (= 0.72.6)
    - React-cxxreact
    - React-hermes
    - React-jsi
    - React-jsiexecutor
    - React-perflogger
    - React-runtimeexecutor
    - React-utils
    - SocketRocket (= 0.6.1)
    - Yoga
  - React-CoreModules (0.72.6):
    - RCT-Folly (= 2021.07.22.00)
    - RCTTypeSafety (= 0.72.6)
    - React-Codegen (= 0.72.6)
    - React-Core/CoreModulesHeaders (= 0.72.6)
    - React-jsi (= 0.72.6)
    - React-RCTBlob
    - React-RCTImage (= 0.72.6)
    - ReactCommon/turbomodule/core (= 0.72.6)
    - SocketRocket (= 0.6.1)
  - React-cxxreact (0.72.6):
    - boost (= 1.76.0)
    - DoubleConversion
    - glog
    - hermes-engine
    - RCT-Folly (= 2021.07.22.00)
    - React-callinvoker (= 0.72.6)
    - React-debug (= 0.72.6)
    - React-jsi (= 0.72.6)
    - React-jsinspector (= 0.72.6)
    - React-logger (= 0.72.6)
    - React-perflogger (= 0.72.6)
    - React-runtimeexecutor (= 0.72.6)
  - React-debug (0.72.6)
  - React-hermes (0.72.6):
    - DoubleConversion
    - glog
    - hermes-engine
    - RCT-Folly (= 2021.07.22.00)
    - RCT-Folly/Futures (= 2021.07.22.00)
    - React-cxxreact (= 0.72.6)
    - React-jsi
    - React-jsiexecutor (= 0.72.6)
    - React-jsinspector (= 0.72.6)
    - React-perflogger (= 0.72.6)
  - React-jsi (0.72.6):
    - boost (= 1.76.0)
    - DoubleConversion
    - glog
    - hermes-engine
    - RCT-Folly (= 2021.07.22.00)
  - React-jsiexecutor (0.72.6):
    - DoubleConversion
    - glog
    - hermes-engine
    - RCT-Folly (= 2021.07.22.00)
    - React-cxxreact (= 0.72.6)
    - React-jsi (= 0.72.6)
    - React-perflogger (= 0.72.6)
  - React-jsinspector (0.72.6)
  - React-logger (0.72.6):
    - glog
  - react-native-get-random-values (1.9.0):
    - React-Core
  - react-native-keyboard-controller (1.9.1):
    - React-Core
  - react-native-mmkv (2.11.0):
    - MMKV (>= 1.2.13)
    - React-Core
  - react-native-netinfo (9.3.10):
    - React-Core
  - react-native-safe-area-context (4.6.3):
    - RCT-Folly
    - RCTRequired
    - RCTTypeSafety
    - React-Core
    - ReactCommon/turbomodule/core
  - react-native-sfsymbols (1.2.1):
    - React
  - react-native-sqlite-storage (6.0.1):
    - React-Core
  - react-native-webview (13.2.2):
    - React-Core
  - React-NativeModulesApple (0.72.6):
    - hermes-engine
    - React-callinvoker
    - React-Core
    - React-cxxreact
    - React-jsi
    - React-runtimeexecutor
    - ReactCommon/turbomodule/bridging
    - ReactCommon/turbomodule/core
  - React-perflogger (0.72.6)
  - React-RCTActionSheet (0.72.6):
    - React-Core/RCTActionSheetHeaders (= 0.72.6)
  - React-RCTAnimation (0.72.6):
    - RCT-Folly (= 2021.07.22.00)
    - RCTTypeSafety (= 0.72.6)
    - React-Codegen (= 0.72.6)
    - React-Core/RCTAnimationHeaders (= 0.72.6)
    - React-jsi (= 0.72.6)
    - ReactCommon/turbomodule/core (= 0.72.6)
  - React-RCTAppDelegate (0.72.6):
    - RCT-Folly
    - RCTRequired
    - RCTTypeSafety
    - React-Core
    - React-CoreModules
    - React-hermes
    - React-NativeModulesApple
    - React-RCTImage
    - React-RCTNetwork
    - React-runtimescheduler
    - ReactCommon/turbomodule/core
  - React-RCTBlob (0.72.6):
    - hermes-engine
    - RCT-Folly (= 2021.07.22.00)
    - React-Codegen (= 0.72.6)
    - React-Core/RCTBlobHeaders (= 0.72.6)
    - React-Core/RCTWebSocket (= 0.72.6)
    - React-jsi (= 0.72.6)
    - React-RCTNetwork (= 0.72.6)
    - ReactCommon/turbomodule/core (= 0.72.6)
  - React-RCTImage (0.72.6):
    - RCT-Folly (= 2021.07.22.00)
    - RCTTypeSafety (= 0.72.6)
    - React-Codegen (= 0.72.6)
    - React-Core/RCTImageHeaders (= 0.72.6)
    - React-jsi (= 0.72.6)
    - React-RCTNetwork (= 0.72.6)
    - ReactCommon/turbomodule/core (= 0.72.6)
  - React-RCTLinking (0.72.6):
    - React-Codegen (= 0.72.6)
    - React-Core/RCTLinkingHeaders (= 0.72.6)
    - React-jsi (= 0.72.6)
    - ReactCommon/turbomodule/core (= 0.72.6)
  - React-RCTNetwork (0.72.6):
    - RCT-Folly (= 2021.07.22.00)
    - RCTTypeSafety (= 0.72.6)
    - React-Codegen (= 0.72.6)
    - React-Core/RCTNetworkHeaders (= 0.72.6)
    - React-jsi (= 0.72.6)
    - ReactCommon/turbomodule/core (= 0.72.6)
  - React-RCTSettings (0.72.6):
    - RCT-Folly (= 2021.07.22.00)
    - RCTTypeSafety (= 0.72.6)
    - React-Codegen (= 0.72.6)
    - React-Core/RCTSettingsHeaders (= 0.72.6)
    - React-jsi (= 0.72.6)
    - ReactCommon/turbomodule/core (= 0.72.6)
  - React-RCTText (0.72.6):
    - React-Core/RCTTextHeaders (= 0.72.6)
  - React-RCTVibration (0.72.6):
    - RCT-Folly (= 2021.07.22.00)
    - React-Codegen (= 0.72.6)
    - React-Core/RCTVibrationHeaders (= 0.72.6)
    - React-jsi (= 0.72.6)
    - ReactCommon/turbomodule/core (= 0.72.6)
  - React-rncore (0.72.6)
  - React-runtimeexecutor (0.72.6):
    - React-jsi (= 0.72.6)
  - React-runtimescheduler (0.72.6):
    - glog
    - hermes-engine
    - RCT-Folly (= 2021.07.22.00)
    - React-callinvoker
    - React-debug
    - React-jsi
    - React-runtimeexecutor
  - React-utils (0.72.6):
    - glog
    - RCT-Folly (= 2021.07.22.00)
    - React-debug
  - ReactCommon/turbomodule/bridging (0.72.6):
    - DoubleConversion
    - glog
    - hermes-engine
    - RCT-Folly (= 2021.07.22.00)
    - React-callinvoker (= 0.72.6)
    - React-cxxreact (= 0.72.6)
    - React-jsi (= 0.72.6)
    - React-logger (= 0.72.6)
    - React-perflogger (= 0.72.6)
  - ReactCommon/turbomodule/core (0.72.6):
    - DoubleConversion
    - glog
    - hermes-engine
    - RCT-Folly (= 2021.07.22.00)
    - React-callinvoker (= 0.72.6)
    - React-cxxreact (= 0.72.6)
    - React-jsi (= 0.72.6)
    - React-logger (= 0.72.6)
    - React-perflogger (= 0.72.6)
  - ReactNativeAvoidSoftinput (4.0.1):
    - React-Core
  - rn-fetch-blob (0.12.0):
    - React-Core
  - RNCAsyncStorage (1.18.2):
    - React-Core
  - RNCClipboard (1.12.1):
    - React-Core
  - RNDeviceInfo (10.9.0):
    - React-Core
  - RNFlashList (1.6.1):
    - React-Core
  - RNFS (2.20.0):
    - React-Core
  - RNGestureHandler (2.12.1):
    - React-Core
  - RNLocalize (3.0.2):
    - React-Core
  - RNReactNativeSharedGroupPreferences (1.1.23):
    - React
  - RNReanimated (3.3.0):
    - DoubleConversion
    - FBLazyVector
    - glog
    - hermes-engine
    - RCT-Folly
    - RCTRequired
    - RCTTypeSafety
    - React-callinvoker
    - React-Core
    - React-Core/DevSupport
    - React-Core/RCTWebSocket
    - React-CoreModules
    - React-cxxreact
    - React-hermes
    - React-jsi
    - React-jsiexecutor
    - React-jsinspector
    - React-RCTActionSheet
    - React-RCTAnimation
    - React-RCTAppDelegate
    - React-RCTBlob
    - React-RCTImage
    - React-RCTLinking
    - React-RCTNetwork
    - React-RCTSettings
    - React-RCTText
    - ReactCommon/turbomodule/core
    - Yoga
  - RNScreens (3.29.0):
    - RCT-Folly (= 2021.07.22.00)
    - React-Core
  - RNSentry (5.14.1):
    - hermes-engine
    - React-Core
    - React-hermes
    - Sentry/HybridSDK (= 8.15.2)
  - RNSVG (13.10.0):
    - React-Core
  - SDWebImage (5.15.8):
    - SDWebImage/Core (= 5.15.8)
  - SDWebImage/Core (5.15.8)
  - SDWebImageAVIFCoder (0.10.1):
    - libavif (>= 0.11.0)
    - SDWebImage (~> 5.10)
  - SDWebImageSVGCoder (1.7.0):
    - SDWebImage/Core (~> 5.6)
  - SDWebImageWebPCoder (0.11.0):
    - libwebp (~> 1.0)
    - SDWebImage/Core (~> 5.15)
  - secp256k1.swift (0.1.4)
  - Sentry/HybridSDK (8.15.2):
    - SentryPrivate (= 8.15.2)
  - SentryPrivate (8.15.2)
  - SocketRocket (0.6.1)
  - SQLite.swift (0.14.1):
    - SQLite.swift/standard (= 0.14.1)
  - SQLite.swift/standard (0.14.1)
  - SwiftProtobuf (1.20.3)
  - UMAppLoader (4.2.0)
  - web3.swift (1.6.0):
    - BigInt (~> 5.0.0)
    - GenericJSON (~> 2.0)
    - Logging (~> 1.0.0)
    - secp256k1.swift (~> 0.1)
  - XMTP (0.7.5-alpha0):
    - Connect-Swift (= 0.3.0)
    - GzipSwift
    - web3.swift
    - XMTPRust (= 0.3.7-beta0)
  - XMTPReactNative (1.23.4):
    - ExpoModulesCore
    - MessagePacker
    - secp256k1.swift
    - XMTP (= 0.7.5-alpha0)
  - XMTPRust (0.3.7-beta0)
  - Yoga (1.14.0)

DEPENDENCIES:
  - boost (from `../node_modules/react-native/third-party-podspecs/boost.podspec`)
  - "CoinbaseWalletSDKExpo (from `../node_modules/@coinbase/wallet-mobile-sdk/ios`)"
  - DoubleConversion (from `../node_modules/react-native/third-party-podspecs/DoubleConversion.podspec`)
  - EASClient (from `../node_modules/expo-eas-client/ios`)
  - EXApplication (from `../node_modules/expo-application/ios`)
  - EXBackgroundFetch (from `../node_modules/expo-background-fetch/ios`)
  - EXConstants (from `../node_modules/expo-constants/ios`)
  - EXFileSystem (from `../node_modules/expo-file-system/ios`)
  - EXFont (from `../node_modules/expo-font/ios`)
  - EXImageLoader (from `../node_modules/expo-image-loader/ios`)
  - EXJSONUtils (from `../node_modules/expo-json-utils/ios`)
  - EXManifests (from `../node_modules/expo-manifests/ios`)
  - EXNotifications (from `../node_modules/expo-notifications/ios`)
  - Expo (from `../node_modules/expo`)
  - expo-dev-client (from `../node_modules/expo-dev-client/ios`)
  - expo-dev-launcher (from `../node_modules/expo-dev-launcher`)
  - expo-dev-menu (from `../node_modules/expo-dev-menu`)
  - expo-dev-menu-interface (from `../node_modules/expo-dev-menu-interface/ios`)
  - ExpoClipboard (from `../node_modules/expo-clipboard/ios`)
  - ExpoCrypto (from `../node_modules/expo-crypto/ios`)
  - ExpoDevice (from `../node_modules/expo-device/ios`)
  - ExpoDocumentPicker (from `../node_modules/expo-document-picker/ios`)
  - ExpoImage (from `../node_modules/expo-image/ios`)
  - ExpoImageManipulator (from `../node_modules/expo-image-manipulator/ios`)
  - ExpoImagePicker (from `../node_modules/expo-image-picker/ios`)
  - ExpoKeepAwake (from `../node_modules/expo-keep-awake/ios`)
  - ExpoModulesCore (from `../node_modules/expo-modules-core`)
  - ExpoSecureStore (from `../node_modules/expo-secure-store/ios`)
  - ExpoSystemUI (from `../node_modules/expo-system-ui/ios`)
  - EXSplashScreen (from `../node_modules/expo-splash-screen/ios`)
  - EXStructuredHeaders (from `../node_modules/expo-structured-headers/ios`)
  - EXTaskManager (from `../node_modules/expo-task-manager/ios`)
  - EXUpdates (from `../node_modules/expo-updates/ios`)
  - EXUpdatesInterface (from `../node_modules/expo-updates-interface/ios`)
  - FBLazyVector (from `../node_modules/react-native/Libraries/FBLazyVector`)
  - FBReactNativeSpec (from `../node_modules/react-native/React/FBReactNativeSpec`)
  - glog (from `../node_modules/react-native/third-party-podspecs/glog.podspec`)
  - hermes-engine (from `../node_modules/react-native/sdks/hermes-engine/hermes-engine.podspec`)
  - libevent (~> 2.1.12)
  - MMKV
  - MMKVAppExtension
  - MMKVCore
  - RCT-Folly (from `../node_modules/react-native/third-party-podspecs/RCT-Folly.podspec`)
  - RCTRequired (from `../node_modules/react-native/Libraries/RCTRequired`)
  - RCTTypeSafety (from `../node_modules/react-native/Libraries/TypeSafety`)
  - React (from `../node_modules/react-native/`)
  - React-callinvoker (from `../node_modules/react-native/ReactCommon/callinvoker`)
  - React-Codegen (from `build/generated/ios`)
  - React-Core (from `../node_modules/react-native/`)
  - React-Core/RCTWebSocket (from `../node_modules/react-native/`)
  - React-CoreModules (from `../node_modules/react-native/React/CoreModules`)
  - React-cxxreact (from `../node_modules/react-native/ReactCommon/cxxreact`)
  - React-debug (from `../node_modules/react-native/ReactCommon/react/debug`)
  - React-hermes (from `../node_modules/react-native/ReactCommon/hermes`)
  - React-jsi (from `../node_modules/react-native/ReactCommon/jsi`)
  - React-jsiexecutor (from `../node_modules/react-native/ReactCommon/jsiexecutor`)
  - React-jsinspector (from `../node_modules/react-native/ReactCommon/jsinspector`)
  - React-logger (from `../node_modules/react-native/ReactCommon/logger`)
  - react-native-get-random-values (from `../node_modules/react-native-get-random-values`)
  - react-native-keyboard-controller (from `../node_modules/react-native-keyboard-controller`)
  - react-native-mmkv (from `../node_modules/react-native-mmkv`)
  - "react-native-netinfo (from `../node_modules/@react-native-community/netinfo`)"
  - react-native-safe-area-context (from `../node_modules/react-native-safe-area-context`)
  - react-native-sfsymbols (from `../node_modules/react-native-sfsymbols`)
  - react-native-sqlite-storage (from `../node_modules/react-native-sqlite-storage`)
  - react-native-webview (from `../node_modules/react-native-webview`)
  - React-NativeModulesApple (from `../node_modules/react-native/ReactCommon/react/nativemodule/core/platform/ios`)
  - React-perflogger (from `../node_modules/react-native/ReactCommon/reactperflogger`)
  - React-RCTActionSheet (from `../node_modules/react-native/Libraries/ActionSheetIOS`)
  - React-RCTAnimation (from `../node_modules/react-native/Libraries/NativeAnimation`)
  - React-RCTAppDelegate (from `../node_modules/react-native/Libraries/AppDelegate`)
  - React-RCTBlob (from `../node_modules/react-native/Libraries/Blob`)
  - React-RCTImage (from `../node_modules/react-native/Libraries/Image`)
  - React-RCTLinking (from `../node_modules/react-native/Libraries/LinkingIOS`)
  - React-RCTNetwork (from `../node_modules/react-native/Libraries/Network`)
  - React-RCTSettings (from `../node_modules/react-native/Libraries/Settings`)
  - React-RCTText (from `../node_modules/react-native/Libraries/Text`)
  - React-RCTVibration (from `../node_modules/react-native/Libraries/Vibration`)
  - React-rncore (from `../node_modules/react-native/ReactCommon`)
  - React-runtimeexecutor (from `../node_modules/react-native/ReactCommon/runtimeexecutor`)
  - React-runtimescheduler (from `../node_modules/react-native/ReactCommon/react/renderer/runtimescheduler`)
  - React-utils (from `../node_modules/react-native/ReactCommon/react/utils`)
  - ReactCommon/turbomodule/core (from `../node_modules/react-native/ReactCommon`)
  - ReactNativeAvoidSoftinput (from `../node_modules/react-native-avoid-softinput`)
  - rn-fetch-blob (from `../node_modules/rn-fetch-blob`)
  - "RNCAsyncStorage (from `../node_modules/@react-native-async-storage/async-storage`)"
  - "RNCClipboard (from `../node_modules/@react-native-clipboard/clipboard`)"
  - RNDeviceInfo (from `../node_modules/react-native-device-info`)
  - "RNFlashList (from `../node_modules/@shopify/flash-list`)"
  - RNFS (from `../node_modules/react-native-fs`)
  - RNGestureHandler (from `../node_modules/react-native-gesture-handler`)
  - RNLocalize (from `../node_modules/react-native-localize`)
  - RNReactNativeSharedGroupPreferences (from `../node_modules/react-native-shared-group-preferences`)
  - RNReanimated (from `../node_modules/react-native-reanimated`)
  - RNScreens (from `../node_modules/react-native-screens`)
  - "RNSentry (from `../node_modules/@sentry/react-native`)"
  - RNSVG (from `../node_modules/react-native-svg`)
  - Sentry/HybridSDK (= 8.15.2)
  - SQLite.swift
  - UMAppLoader (from `../node_modules/unimodules-app-loader/ios`)
  - XMTP (= 0.7.5-alpha0)
  - "XMTPReactNative (from `../node_modules/@xmtp/react-native-sdk/ios`)"
  - Yoga (from `../node_modules/react-native/ReactCommon/yoga`)

SPEC REPOS:
  trunk:
    - ASN1Decoder
    - BigInt
    - CoinbaseWalletSDK
    - Connect-Swift
    - fmt
    - GenericJSON
    - GzipSwift
    - libaom
    - libavif
    - libevent
    - libvmaf
    - libwebp
    - Logging
    - MessagePacker
    - MMKV
    - MMKVAppExtension
    - MMKVCore
    - ReachabilitySwift
    - SDWebImage
    - SDWebImageAVIFCoder
    - SDWebImageSVGCoder
    - SDWebImageWebPCoder
    - secp256k1.swift
    - Sentry
    - SentryPrivate
    - SocketRocket
    - SQLite.swift
    - SwiftProtobuf
    - web3.swift
    - XMTP
    - XMTPRust

EXTERNAL SOURCES:
  boost:
    :podspec: "../node_modules/react-native/third-party-podspecs/boost.podspec"
  CoinbaseWalletSDKExpo:
    :path: "../node_modules/@coinbase/wallet-mobile-sdk/ios"
  DoubleConversion:
    :podspec: "../node_modules/react-native/third-party-podspecs/DoubleConversion.podspec"
  EASClient:
    :path: "../node_modules/expo-eas-client/ios"
  EXApplication:
    :path: "../node_modules/expo-application/ios"
  EXBackgroundFetch:
    :path: "../node_modules/expo-background-fetch/ios"
  EXConstants:
    :path: "../node_modules/expo-constants/ios"
  EXFileSystem:
    :path: "../node_modules/expo-file-system/ios"
  EXFont:
    :path: "../node_modules/expo-font/ios"
  EXImageLoader:
    :path: "../node_modules/expo-image-loader/ios"
  EXJSONUtils:
    :path: "../node_modules/expo-json-utils/ios"
  EXManifests:
    :path: "../node_modules/expo-manifests/ios"
  EXNotifications:
    :path: "../node_modules/expo-notifications/ios"
  Expo:
    :path: "../node_modules/expo"
  expo-dev-client:
    :path: "../node_modules/expo-dev-client/ios"
  expo-dev-launcher:
    :path: "../node_modules/expo-dev-launcher"
  expo-dev-menu:
    :path: "../node_modules/expo-dev-menu"
  expo-dev-menu-interface:
    :path: "../node_modules/expo-dev-menu-interface/ios"
  ExpoClipboard:
    :path: "../node_modules/expo-clipboard/ios"
  ExpoCrypto:
    :path: "../node_modules/expo-crypto/ios"
  ExpoDevice:
    :path: "../node_modules/expo-device/ios"
  ExpoDocumentPicker:
    :path: "../node_modules/expo-document-picker/ios"
  ExpoImage:
    :path: "../node_modules/expo-image/ios"
  ExpoImageManipulator:
    :path: "../node_modules/expo-image-manipulator/ios"
  ExpoImagePicker:
    :path: "../node_modules/expo-image-picker/ios"
  ExpoKeepAwake:
    :path: "../node_modules/expo-keep-awake/ios"
  ExpoModulesCore:
    :path: "../node_modules/expo-modules-core"
  ExpoSecureStore:
    :path: "../node_modules/expo-secure-store/ios"
  ExpoSystemUI:
    :path: "../node_modules/expo-system-ui/ios"
  EXSplashScreen:
    :path: "../node_modules/expo-splash-screen/ios"
  EXStructuredHeaders:
    :path: "../node_modules/expo-structured-headers/ios"
  EXTaskManager:
    :path: "../node_modules/expo-task-manager/ios"
  EXUpdates:
    :path: "../node_modules/expo-updates/ios"
  EXUpdatesInterface:
    :path: "../node_modules/expo-updates-interface/ios"
  FBLazyVector:
    :path: "../node_modules/react-native/Libraries/FBLazyVector"
  FBReactNativeSpec:
    :path: "../node_modules/react-native/React/FBReactNativeSpec"
  glog:
    :podspec: "../node_modules/react-native/third-party-podspecs/glog.podspec"
  hermes-engine:
    :podspec: "../node_modules/react-native/sdks/hermes-engine/hermes-engine.podspec"
    :tag: hermes-2023-08-07-RNv0.72.4-813b2def12bc9df02654b3e3653ae4a68d0572e0
  RCT-Folly:
    :podspec: "../node_modules/react-native/third-party-podspecs/RCT-Folly.podspec"
  RCTRequired:
    :path: "../node_modules/react-native/Libraries/RCTRequired"
  RCTTypeSafety:
    :path: "../node_modules/react-native/Libraries/TypeSafety"
  React:
    :path: "../node_modules/react-native/"
  React-callinvoker:
    :path: "../node_modules/react-native/ReactCommon/callinvoker"
  React-Codegen:
    :path: build/generated/ios
  React-Core:
    :path: "../node_modules/react-native/"
  React-CoreModules:
    :path: "../node_modules/react-native/React/CoreModules"
  React-cxxreact:
    :path: "../node_modules/react-native/ReactCommon/cxxreact"
  React-debug:
    :path: "../node_modules/react-native/ReactCommon/react/debug"
  React-hermes:
    :path: "../node_modules/react-native/ReactCommon/hermes"
  React-jsi:
    :path: "../node_modules/react-native/ReactCommon/jsi"
  React-jsiexecutor:
    :path: "../node_modules/react-native/ReactCommon/jsiexecutor"
  React-jsinspector:
    :path: "../node_modules/react-native/ReactCommon/jsinspector"
  React-logger:
    :path: "../node_modules/react-native/ReactCommon/logger"
  react-native-get-random-values:
    :path: "../node_modules/react-native-get-random-values"
  react-native-keyboard-controller:
    :path: "../node_modules/react-native-keyboard-controller"
  react-native-mmkv:
    :path: "../node_modules/react-native-mmkv"
  react-native-netinfo:
    :path: "../node_modules/@react-native-community/netinfo"
  react-native-safe-area-context:
    :path: "../node_modules/react-native-safe-area-context"
  react-native-sfsymbols:
    :path: "../node_modules/react-native-sfsymbols"
  react-native-sqlite-storage:
    :path: "../node_modules/react-native-sqlite-storage"
  react-native-webview:
    :path: "../node_modules/react-native-webview"
  React-NativeModulesApple:
    :path: "../node_modules/react-native/ReactCommon/react/nativemodule/core/platform/ios"
  React-perflogger:
    :path: "../node_modules/react-native/ReactCommon/reactperflogger"
  React-RCTActionSheet:
    :path: "../node_modules/react-native/Libraries/ActionSheetIOS"
  React-RCTAnimation:
    :path: "../node_modules/react-native/Libraries/NativeAnimation"
  React-RCTAppDelegate:
    :path: "../node_modules/react-native/Libraries/AppDelegate"
  React-RCTBlob:
    :path: "../node_modules/react-native/Libraries/Blob"
  React-RCTImage:
    :path: "../node_modules/react-native/Libraries/Image"
  React-RCTLinking:
    :path: "../node_modules/react-native/Libraries/LinkingIOS"
  React-RCTNetwork:
    :path: "../node_modules/react-native/Libraries/Network"
  React-RCTSettings:
    :path: "../node_modules/react-native/Libraries/Settings"
  React-RCTText:
    :path: "../node_modules/react-native/Libraries/Text"
  React-RCTVibration:
    :path: "../node_modules/react-native/Libraries/Vibration"
  React-rncore:
    :path: "../node_modules/react-native/ReactCommon"
  React-runtimeexecutor:
    :path: "../node_modules/react-native/ReactCommon/runtimeexecutor"
  React-runtimescheduler:
    :path: "../node_modules/react-native/ReactCommon/react/renderer/runtimescheduler"
  React-utils:
    :path: "../node_modules/react-native/ReactCommon/react/utils"
  ReactCommon:
    :path: "../node_modules/react-native/ReactCommon"
  ReactNativeAvoidSoftinput:
    :path: "../node_modules/react-native-avoid-softinput"
  rn-fetch-blob:
    :path: "../node_modules/rn-fetch-blob"
  RNCAsyncStorage:
    :path: "../node_modules/@react-native-async-storage/async-storage"
  RNCClipboard:
    :path: "../node_modules/@react-native-clipboard/clipboard"
  RNDeviceInfo:
    :path: "../node_modules/react-native-device-info"
  RNFlashList:
    :path: "../node_modules/@shopify/flash-list"
  RNFS:
    :path: "../node_modules/react-native-fs"
  RNGestureHandler:
    :path: "../node_modules/react-native-gesture-handler"
  RNLocalize:
    :path: "../node_modules/react-native-localize"
  RNReactNativeSharedGroupPreferences:
    :path: "../node_modules/react-native-shared-group-preferences"
  RNReanimated:
    :path: "../node_modules/react-native-reanimated"
  RNScreens:
    :path: "../node_modules/react-native-screens"
  RNSentry:
    :path: "../node_modules/@sentry/react-native"
  RNSVG:
    :path: "../node_modules/react-native-svg"
  UMAppLoader:
    :path: "../node_modules/unimodules-app-loader/ios"
  XMTPReactNative:
    :path: "../node_modules/@xmtp/react-native-sdk/ios"
  Yoga:
    :path: "../node_modules/react-native/ReactCommon/yoga"

SPEC CHECKSUMS:
  ASN1Decoder: 6110fdeacfdb41559b1481457a1645be716610aa
  BigInt: 74b4d88367b0e819d9f77393549226d36faeb0d8
  boost: 57d2868c099736d80fcd648bf211b4431e51a558
  CoinbaseWalletSDK: ea1f37512bbc69ebe07416e3b29bf840f5cc3152
  CoinbaseWalletSDKExpo: 89f8ad7f799227be7aff2b9353b7a77d37eb8283
  Connect-Swift: d38eedc1907d440314f8d26d5a038a00cbb0f6f1
  DoubleConversion: 5189b271737e1565bdce30deb4a08d647e3f5f54
  EASClient: 49f8ea858204eb4844d9fb386e5fb7920aee2e30
  EXApplication: 02655a251434d564bb0e73291f5a490c74b5b76f
  EXBackgroundFetch: a4a45a5924d9ac6dd480d5d745aabe91bb17bb36
  EXConstants: ce5bbea779da8031ac818c36bea41b10e14d04e1
  EXFileSystem: 941b273758aee14be2ecc671dacb4f10dd28c833
  EXFont: 738c44c390953ebcbab075a4848bfbef025fd9ee
  EXImageLoader: 34b214f9387e98f3c73989f15d8d5b399c9ab3f7
  EXJSONUtils: 6802be4282d42b97c51682468ddc1026a06f8276
  EXManifests: 8a4a480e3b58891d5657d3996a39229e5c96d912
  EXNotifications: 09394cbd7165f9a4a00a53328aa09bf874bae717
  Expo: fcfd60c1ed6806dee5103b210335ae0c72f675ed
  expo-dev-client: 1e20e0d67534fd63da37604747a60e7d69fc46f5
  expo-dev-launcher: 4abaa5997c1063e77432bb23ca05da364803e297
  expo-dev-menu: 7cc0b6c9ed9fc99740e5d3ba1335bcd1537da9e8
  expo-dev-menu-interface: bda969497e73dadc2663c479e0fa726ca79a306e
  ExpoClipboard: 695f274f8e028cd113837f917da40c76850877eb
  ExpoCrypto: a382ab9a2fa91f0b511ce1fe4d6baecee40a1615
  ExpoDevice: 1c1b0c9cad96c292c1de73948649cfd654b2b3c0
  ExpoDocumentPicker: 5cb7389ff935b4addefdd466a606de51a512e922
  ExpoImage: 723efcb8d9377ae8645a6f7a1579305f5b80a76f
  ExpoImageManipulator: 851be0965dd9f78019771b140282f1816dcc25ea
  ExpoImagePicker: 9e5c745cb3e56ee00e1cfe5d6af59caab66ecf1a
  ExpoKeepAwake: be4cbd52d9b177cde0fd66daa1913afa3161fc1d
  ExpoModulesCore: 81037d28453615c4206a6a2ca7556a0f364a0a0a
  ExpoSecureStore: 57db3b6da8b59046e2057e95bf7738a8027b47c3
  ExpoSystemUI: fa4854e3226e87f86d3383570264c6e4e90bc782
  EXSplashScreen: 2c80621e4bc952f5bea328304c2436f5fe21c2a0
  EXStructuredHeaders: 324cc3130571d2696357fafd8be7fd9a0b5fdf6e
  EXTaskManager: f1730c315eb6fe457a3a2ee4ed899a51d717f302
  EXUpdates: 59d641d0873236c76ef987917c32de8c210333ea
  EXUpdatesInterface: 82ed48d417cdcd376c12ca1c2ce390d35500bed6
  FBLazyVector: 748c0ef74f2bf4b36cfcccf37916806940a64c32
  FBReactNativeSpec: 966f29e4e697de53a3b366355e8f57375c856ad9
  fmt: ff9d55029c625d3757ed641535fd4a75fedc7ce9
  GenericJSON: 79a840eeb77030962e8cf02a62d36bd413b67626
  glog: 04b94705f318337d7ead9e6d17c019bd9b1f6b1b
  GzipSwift: 893f3e48e597a1a4f62fafcb6514220fcf8287fa
  hermes-engine: 8057e75cfc1437b178ac86c8654b24e7fead7f60
  libaom: 144606b1da4b5915a1054383c3a4459ccdb3c661
  libavif: 84bbb62fb232c3018d6f1bab79beea87e35de7b7
  libevent: 4049cae6c81cdb3654a443be001fb9bdceff7913
  libvmaf: 27f523f1e63c694d14d534cd0fddd2fab0ae8711
  libwebp: 1786c9f4ff8a279e4dac1e8f385004d5fc253009
  Logging: 9ef4ecb546ad3169398d5a723bc9bea1c46bef26
  MessagePacker: ab2fe250e86ea7aedd1a9ee47a37083edd41fd02
  MMKV: 5a07930c70c70b86cd87761a42c8f3836fb681d7
  MMKVAppExtension: 3cda7723ad7d53f486b4cef2782eed9ba8799f68
  MMKVCore: e50135dbd33235b6ab390635991bab437ab873c0
  RCT-Folly: 424b8c9a7a0b9ab2886ffe9c3b041ef628fd4fb1
  RCTRequired: 28469809442eb4eb5528462705f7d852948c8a74
  RCTTypeSafety: e9c6c409fca2cc584e5b086862d562540cb38d29
  ReachabilitySwift: 985039c6f7b23a1da463388634119492ff86c825
  React: 769f469909b18edfe934f0539fffb319c4c61043
  React-callinvoker: e48ce12c83706401251921896576710d81e54763
  React-Codegen: 8cb364505beec45713ac224bcbb6bb41c3fc1a85
  React-Core: 56221b0ea21a0934aa1fbc4aef924e9007d60f26
  React-CoreModules: 9748a6fe4404323a3280ad3c5311d28d6f4f813b
  React-cxxreact: 44a3560510ead6633b6e02f9fbbdd1772fb40f92
  React-debug: 0a068b2ff5e6d2575d64303b37b554573d758e76
  React-hermes: 46e66dc854124d7645c20bfec0a6be9542826ecd
  React-jsi: fbdaf4166bae60524b591b18c851b530c8cdb90c
  React-jsiexecutor: 3bf18ff7cb03cd8dfdce08fbbc0d15058c1d71ae
  React-jsinspector: 194e32c6aab382d88713ad3dd0025c5f5c4ee072
  React-logger: cebf22b6cf43434e471dc561e5911b40ac01d289
  react-native-get-random-values: dee677497c6a740b71e5612e8dbd83e7539ed5bb
  react-native-keyboard-controller: fa41f43f87f22ac0248435c1548d5d3f45c15248
  react-native-mmkv: e97c0c79403fb94577e5d902ab1ebd42b0715b43
  react-native-netinfo: ccbe1085dffd16592791d550189772e13bf479e2
  react-native-safe-area-context: 36cc67648134e89465663b8172336a19eeda493d
  react-native-sfsymbols: bd3a0d3eab185e80b571bae60753dcf5a0d57967
  react-native-sqlite-storage: f6d515e1c446d1e6d026aa5352908a25d4de3261
  react-native-webview: b8ec89966713985111a14d6e4bf98d8b54bced0d
  React-NativeModulesApple: 1802a680a4cd891d2ab97780771bcb2ff11fdc0b
  React-perflogger: e3596db7e753f51766bceadc061936ef1472edc3
  React-RCTActionSheet: 17ab132c748b4471012abbcdcf5befe860660485
  React-RCTAnimation: 3fe720d2c172de51de8dc19ba091c559d22ebd9b
  React-RCTAppDelegate: c64ab148e0c8139be28c76d4f159acd87560359d
  React-RCTBlob: fd752f54ae335c93a36650be8129b352b852185f
  React-RCTImage: a99cc31f93f72fe17d0448fd45d7a812fd50388e
  React-RCTLinking: c56c6c36b85cebf1f4fa61a3493c9f01551afaab
  React-RCTNetwork: 01167794715ec8ae4854caca36d4009b5e257257
  React-RCTSettings: 52790fef45f5a0655cad22ab9b9a87e675d84d8c
  React-RCTText: adde32164a243103aaba0b1dc7b0a2599733873e
  React-RCTVibration: 1c047e1d9b21992f91c21f221f360640a4a288ec
  React-rncore: 87d117a5b3854f0c9c3b08d46fa83fa98a7b9f1c
  React-runtimeexecutor: 57d85d942862b08f6d15441a0badff2542fd233c
  React-runtimescheduler: 76eb364c37e6c20845cfe0cb049f883021bdfccf
  React-utils: 1dc03e6e55f56388b6fdde3768a66c885bacb627
  ReactCommon: cfe086d2e2ec9f2907c66666c856082608fba822
  ReactNativeAvoidSoftinput: a096aae8faf85c0f3225c2179bccdab00b8b6354
  rn-fetch-blob: f065bb7ab7fb48dd002629f8bdcb0336602d3cba
  RNCAsyncStorage: ddc4ee162bfd41b0d2c68bf2d95acd81dd7f1f93
  RNCClipboard: d77213bfa269013bf4b857b7a9ca37ee062d8ef1
  RNDeviceInfo: 02ea8b23e2280fa18e00a06d7e62804d74028579
  RNFlashList: 236646d48f224a034f35baa0242e1b77db063b1e
  RNFS: 4ac0f0ea233904cb798630b3c077808c06931688
  RNGestureHandler: c0d04458598fcb26052494ae23dda8f8f5162b13
  RNLocalize: dbea38dcb344bf80ff18a1757b1becf11f70cae4
  RNReactNativeSharedGroupPreferences: de0121a4224c267bc7e9fb16c398f3f087c8da81
  RNReanimated: 9f7068e43b9358a46a688d94a5a3adb258139457
  RNScreens: 1c2444658fbb696a094272d946708167b1f63409
  RNSentry: ee1a9a80996414205d84ce9180c31bd855fd4641
  RNSVG: 80584470ff1ffc7994923ea135a3e5ad825546b9
  SDWebImage: cb032eba469c54e0000e78bcb0a13cdde0a52798
  SDWebImageAVIFCoder: 8348fef6d0ec69e129c66c9fe4d74fbfbf366112
  SDWebImageSVGCoder: 15a300a97ec1c8ac958f009c02220ac0402e936c
  SDWebImageWebPCoder: 295a6573c512f54ad2dd58098e64e17dcf008499
  secp256k1.swift: a7e7a214f6db6ce5db32cc6b2b45e5c4dd633634
  Sentry: 6f5742b4c47c17c9adcf265f6f328cf4a0ed1923
  SentryPrivate: b2f7996f37781080f04a946eb4e377ff63c64195
  SocketRocket: f32cd54efbe0f095c4d7594881e52619cfe80b17
  SQLite.swift: 2992550ebf3c5b268bf4352603e3df87d2a4ed72
  SwiftProtobuf: b02b5075dcf60c9f5f403000b3b0c202a11b6ae1
  UMAppLoader: e83f024f75f07802fce99739f04b4537d188caaf
  web3.swift: 2263d1e12e121b2c42ffb63a5a7beb1acaf33959
  XMTP: aa137f3c8ac7b61ecfb3de0973f2dc2e672a9ec1
  XMTPReactNative: 8a0a14a34e873f429efedc25746d867df55e1c38
  XMTPRust: 8848a2ba761b2c961d666632f2ad27d1082faa93
  Yoga: b76f1acfda8212aa16b7e26bcce3983230c82603

PODFILE CHECKSUM: ea43c685c633d4c699b23feb14e998f359968fa2

COCOAPODS: 1.14.3
