PODS:
  - ASN1Decoder (1.8.0)
  - boost (1.76.0)
  - CoinbaseWalletSDK/Client (1.0.4)
  - CoinbaseWalletSDK/CrossPlatform (1.0.4):
    - CoinbaseWalletSDK/Client
  - CoinbaseWalletSDKExpo (1.0.6):
    - CoinbaseWalletSDK/CrossPlatform (= 1.0.4)
    - ExpoModulesCore
  - DoubleConversion (1.1.6)
  - EASClient (0.5.1):
    - ExpoModulesCore
  - EXApplication (5.1.1):
    - ExpoModulesCore
  - EXConstants (14.2.1):
    - ExpoModulesCore
  - EXFileSystem (15.2.2):
    - ExpoModulesCore
  - EXFont (11.1.1):
    - ExpoModulesCore
  - EXJSONUtils (0.5.1)
  - EXManifests (0.5.2):
    - EXJSONUtils
  - EXNotifications (0.18.1):
    - ExpoModulesCore
  - Expo (48.0.19):
    - ExpoModulesCore
  - expo-dev-client (2.2.1):
    - EXManifests
    - expo-dev-launcher
    - expo-dev-menu
    - expo-dev-menu-interface
    - EXUpdatesInterface
  - expo-dev-launcher (2.2.1):
    - EXManifests
    - expo-dev-launcher/Main (= 2.2.1)
    - expo-dev-menu
    - expo-dev-menu-interface
    - ExpoModulesCore
    - EXUpdatesInterface
    - React-Core
  - expo-dev-launcher/Main (2.2.1):
    - EXManifests
    - expo-dev-launcher/Unsafe
    - expo-dev-menu
    - expo-dev-menu-interface
    - ExpoModulesCore
    - EXUpdatesInterface
    - React-Core
  - expo-dev-launcher/Unsafe (2.2.1):
    - EXManifests
    - expo-dev-menu
    - expo-dev-menu-interface
    - ExpoModulesCore
    - EXUpdatesInterface
    - React-Core
  - expo-dev-menu (2.2.0):
    - expo-dev-menu/Main (= 2.2.0)
  - expo-dev-menu-interface (1.1.1)
  - expo-dev-menu/GestureHandler (2.2.0)
  - expo-dev-menu/Main (2.2.0):
    - EXManifests
    - expo-dev-menu-interface
    - expo-dev-menu/Vendored
    - ExpoModulesCore
    - React-Core
  - expo-dev-menu/Reanimated (2.2.0):
    - DoubleConversion
    - FBLazyVector
    - FBReactNativeSpec
    - glog
    - RCT-Folly
    - RCTRequired
    - RCTTypeSafety
    - React-callinvoker
    - React-Core
    - React-Core/DevSupport
    - React-Core/RCTWebSocket
    - React-CoreModules
    - React-cxxreact
    - React-jsi
    - React-jsiexecutor
    - React-jsinspector
    - React-RCTActionSheet
    - React-RCTAnimation
    - React-RCTBlob
    - React-RCTImage
    - React-RCTLinking
    - React-RCTNetwork
    - React-RCTSettings
    - React-RCTText
    - React-RCTVibration
    - ReactCommon/turbomodule/core
    - Yoga
  - expo-dev-menu/SafeAreaView (2.2.0)
  - expo-dev-menu/Vendored (2.2.0):
    - expo-dev-menu/GestureHandler
    - expo-dev-menu/Reanimated
    - expo-dev-menu/SafeAreaView
  - ExpoClipboard (4.1.2):
    - ExpoModulesCore
  - ExpoCrypto (12.2.1):
    - ExpoModulesCore
  - ExpoDevice (5.2.1):
    - ExpoModulesCore
  - ExpoKeepAwake (12.0.1):
    - ExpoModulesCore
  - ExpoModulesCore (1.2.7):
    - React-Core
    - React-RCTAppDelegate
    - ReactCommon/turbomodule/core
  - ExpoRandom (13.1.1):
    - ExpoModulesCore
  - ExpoSystemUI (2.2.1):
    - ExpoModulesCore
  - EXSecureStore (12.1.1):
    - ExpoModulesCore
  - EXSplashScreen (0.18.2):
    - ExpoModulesCore
    - React-Core
  - EXSQLite (11.1.1):
    - ExpoModulesCore
  - EXStructuredHeaders (3.1.1)
  - EXUpdates (0.16.4):
    - ASN1Decoder (~> 1.8)
    - EASClient
    - EXManifests
    - ExpoModulesCore
    - EXStructuredHeaders
    - EXUpdatesInterface
    - React-Core
  - EXUpdatesInterface (0.9.1)
  - FBLazyVector (0.71.10)
  - FBReactNativeSpec (0.71.10):
    - RCT-Folly (= 2021.07.22.00)
    - RCTRequired (= 0.71.10)
    - RCTTypeSafety (= 0.71.10)
    - React-Core (= 0.71.10)
    - React-jsi (= 0.71.10)
    - ReactCommon/turbomodule/core (= 0.71.10)
  - fmt (6.2.1)
  - glog (0.3.5)
  - hermes-engine (0.71.10):
    - hermes-engine/Pre-built (= 0.71.10)
  - hermes-engine/Pre-built (0.71.10)
  - libevent (2.1.12)
  - libwebp (1.2.4):
    - libwebp/demux (= 1.2.4)
    - libwebp/mux (= 1.2.4)
    - libwebp/webp (= 1.2.4)
  - libwebp/demux (1.2.4):
    - libwebp/webp
  - libwebp/mux (1.2.4):
    - libwebp/demux
  - libwebp/webp (1.2.4)
  - MMKV (1.2.15):
    - MMKVCore (~> 1.2.15)
  - MMKVCore (1.2.15)
  - RCT-Folly (2021.07.22.00):
    - boost
    - DoubleConversion
    - fmt (~> 6.2.1)
    - glog
    - RCT-Folly/Default (= 2021.07.22.00)
  - RCT-Folly/Default (2021.07.22.00):
    - boost
    - DoubleConversion
    - fmt (~> 6.2.1)
    - glog
  - RCT-Folly/Futures (2021.07.22.00):
    - boost
    - DoubleConversion
    - fmt (~> 6.2.1)
    - glog
    - libevent
  - RCTRequired (0.71.10)
  - RCTTypeSafety (0.71.10):
    - FBLazyVector (= 0.71.10)
    - RCTRequired (= 0.71.10)
    - React-Core (= 0.71.10)
  - React (0.71.10):
    - React-Core (= 0.71.10)
    - React-Core/DevSupport (= 0.71.10)
    - React-Core/RCTWebSocket (= 0.71.10)
    - React-RCTActionSheet (= 0.71.10)
    - React-RCTAnimation (= 0.71.10)
    - React-RCTBlob (= 0.71.10)
    - React-RCTImage (= 0.71.10)
    - React-RCTLinking (= 0.71.10)
    - React-RCTNetwork (= 0.71.10)
    - React-RCTSettings (= 0.71.10)
    - React-RCTText (= 0.71.10)
    - React-RCTVibration (= 0.71.10)
  - React-callinvoker (0.71.10)
  - React-Codegen (0.71.10):
    - FBReactNativeSpec
    - hermes-engine
    - RCT-Folly
    - RCTRequired
    - RCTTypeSafety
    - React-Core
    - React-jsi
    - React-jsiexecutor
    - ReactCommon/turbomodule/bridging
    - ReactCommon/turbomodule/core
  - React-Core (0.71.10):
    - glog
    - hermes-engine
    - RCT-Folly (= 2021.07.22.00)
    - React-Core/Default (= 0.71.10)
    - React-cxxreact (= 0.71.10)
    - React-hermes
    - React-jsi (= 0.71.10)
    - React-jsiexecutor (= 0.71.10)
    - React-perflogger (= 0.71.10)
    - Yoga
  - React-Core/CoreModulesHeaders (0.71.10):
    - glog
    - hermes-engine
    - RCT-Folly (= 2021.07.22.00)
    - React-Core/Default
    - React-cxxreact (= 0.71.10)
    - React-hermes
    - React-jsi (= 0.71.10)
    - React-jsiexecutor (= 0.71.10)
    - React-perflogger (= 0.71.10)
    - Yoga
  - React-Core/Default (0.71.10):
    - glog
    - hermes-engine
    - RCT-Folly (= 2021.07.22.00)
    - React-cxxreact (= 0.71.10)
    - React-hermes
    - React-jsi (= 0.71.10)
    - React-jsiexecutor (= 0.71.10)
    - React-perflogger (= 0.71.10)
    - Yoga
  - React-Core/DevSupport (0.71.10):
    - glog
    - hermes-engine
    - RCT-Folly (= 2021.07.22.00)
    - React-Core/Default (= 0.71.10)
    - React-Core/RCTWebSocket (= 0.71.10)
    - React-cxxreact (= 0.71.10)
    - React-hermes
    - React-jsi (= 0.71.10)
    - React-jsiexecutor (= 0.71.10)
    - React-jsinspector (= 0.71.10)
    - React-perflogger (= 0.71.10)
    - Yoga
  - React-Core/RCTActionSheetHeaders (0.71.10):
    - glog
    - hermes-engine
    - RCT-Folly (= 2021.07.22.00)
    - React-Core/Default
    - React-cxxreact (= 0.71.10)
    - React-hermes
    - React-jsi (= 0.71.10)
    - React-jsiexecutor (= 0.71.10)
    - React-perflogger (= 0.71.10)
    - Yoga
  - React-Core/RCTAnimationHeaders (0.71.10):
    - glog
    - hermes-engine
    - RCT-Folly (= 2021.07.22.00)
    - React-Core/Default
    - React-cxxreact (= 0.71.10)
    - React-hermes
    - React-jsi (= 0.71.10)
    - React-jsiexecutor (= 0.71.10)
    - React-perflogger (= 0.71.10)
    - Yoga
  - React-Core/RCTBlobHeaders (0.71.10):
    - glog
    - hermes-engine
    - RCT-Folly (= 2021.07.22.00)
    - React-Core/Default
    - React-cxxreact (= 0.71.10)
    - React-hermes
    - React-jsi (= 0.71.10)
    - React-jsiexecutor (= 0.71.10)
    - React-perflogger (= 0.71.10)
    - Yoga
  - React-Core/RCTImageHeaders (0.71.10):
    - glog
    - hermes-engine
    - RCT-Folly (= 2021.07.22.00)
    - React-Core/Default
    - React-cxxreact (= 0.71.10)
    - React-hermes
    - React-jsi (= 0.71.10)
    - React-jsiexecutor (= 0.71.10)
    - React-perflogger (= 0.71.10)
    - Yoga
  - React-Core/RCTLinkingHeaders (0.71.10):
    - glog
    - hermes-engine
    - RCT-Folly (= 2021.07.22.00)
    - React-Core/Default
    - React-cxxreact (= 0.71.10)
    - React-hermes
    - React-jsi (= 0.71.10)
    - React-jsiexecutor (= 0.71.10)
    - React-perflogger (= 0.71.10)
    - Yoga
  - React-Core/RCTNetworkHeaders (0.71.10):
    - glog
    - hermes-engine
    - RCT-Folly (= 2021.07.22.00)
    - React-Core/Default
    - React-cxxreact (= 0.71.10)
    - React-hermes
    - React-jsi (= 0.71.10)
    - React-jsiexecutor (= 0.71.10)
    - React-perflogger (= 0.71.10)
    - Yoga
  - React-Core/RCTSettingsHeaders (0.71.10):
    - glog
    - hermes-engine
    - RCT-Folly (= 2021.07.22.00)
    - React-Core/Default
    - React-cxxreact (= 0.71.10)
    - React-hermes
    - React-jsi (= 0.71.10)
    - React-jsiexecutor (= 0.71.10)
    - React-perflogger (= 0.71.10)
    - Yoga
  - React-Core/RCTTextHeaders (0.71.10):
    - glog
    - hermes-engine
    - RCT-Folly (= 2021.07.22.00)
    - React-Core/Default
    - React-cxxreact (= 0.71.10)
    - React-hermes
    - React-jsi (= 0.71.10)
    - React-jsiexecutor (= 0.71.10)
    - React-perflogger (= 0.71.10)
    - Yoga
  - React-Core/RCTVibrationHeaders (0.71.10):
    - glog
    - hermes-engine
    - RCT-Folly (= 2021.07.22.00)
    - React-Core/Default
    - React-cxxreact (= 0.71.10)
    - React-hermes
    - React-jsi (= 0.71.10)
    - React-jsiexecutor (= 0.71.10)
    - React-perflogger (= 0.71.10)
    - Yoga
  - React-Core/RCTWebSocket (0.71.10):
    - glog
    - hermes-engine
    - RCT-Folly (= 2021.07.22.00)
    - React-Core/Default (= 0.71.10)
    - React-cxxreact (= 0.71.10)
    - React-hermes
    - React-jsi (= 0.71.10)
    - React-jsiexecutor (= 0.71.10)
    - React-perflogger (= 0.71.10)
    - Yoga
  - React-CoreModules (0.71.10):
    - RCT-Folly (= 2021.07.22.00)
    - RCTTypeSafety (= 0.71.10)
    - React-Codegen (= 0.71.10)
    - React-Core/CoreModulesHeaders (= 0.71.10)
    - React-jsi (= 0.71.10)
    - React-RCTBlob
    - React-RCTImage (= 0.71.10)
    - ReactCommon/turbomodule/core (= 0.71.10)
  - React-cxxreact (0.71.10):
    - boost (= 1.76.0)
    - DoubleConversion
    - glog
    - hermes-engine
    - RCT-Folly (= 2021.07.22.00)
    - React-callinvoker (= 0.71.10)
    - React-jsi (= 0.71.10)
    - React-jsinspector (= 0.71.10)
    - React-logger (= 0.71.10)
    - React-perflogger (= 0.71.10)
    - React-runtimeexecutor (= 0.71.10)
  - React-hermes (0.71.10):
    - DoubleConversion
    - glog
    - hermes-engine
    - RCT-Folly (= 2021.07.22.00)
    - RCT-Folly/Futures (= 2021.07.22.00)
    - React-cxxreact (= 0.71.10)
    - React-jsi
    - React-jsiexecutor (= 0.71.10)
    - React-jsinspector (= 0.71.10)
    - React-perflogger (= 0.71.10)
  - React-jsi (0.71.10):
    - boost (= 1.76.0)
    - DoubleConversion
    - glog
    - hermes-engine
    - RCT-Folly (= 2021.07.22.00)
  - React-jsiexecutor (0.71.10):
    - DoubleConversion
    - glog
    - hermes-engine
    - RCT-Folly (= 2021.07.22.00)
    - React-cxxreact (= 0.71.10)
    - React-jsi (= 0.71.10)
    - React-perflogger (= 0.71.10)
  - React-jsinspector (0.71.10)
  - React-logger (0.71.10):
    - glog
  - react-native-get-random-values (1.8.0):
    - React-Core
  - react-native-keyboard-controller (1.5.2):
    - React-Core
  - react-native-mmkv (2.6.3):
    - MMKV (>= 1.2.13)
    - React-Core
  - react-native-netinfo (9.3.7):
    - React-Core
  - react-native-safe-area-context (4.5.0):
    - RCT-Folly
    - RCTRequired
    - RCTTypeSafety
    - React-Core
    - ReactCommon/turbomodule/core
  - react-native-sfsymbols (1.2.1):
    - React
  - react-native-webview (11.26.0):
    - React-Core
  - React-perflogger (0.71.10)
  - React-RCTActionSheet (0.71.10):
    - React-Core/RCTActionSheetHeaders (= 0.71.10)
  - React-RCTAnimation (0.71.10):
    - RCT-Folly (= 2021.07.22.00)
    - RCTTypeSafety (= 0.71.10)
    - React-Codegen (= 0.71.10)
    - React-Core/RCTAnimationHeaders (= 0.71.10)
    - React-jsi (= 0.71.10)
    - ReactCommon/turbomodule/core (= 0.71.10)
  - React-RCTAppDelegate (0.71.10):
    - RCT-Folly
    - RCTRequired
    - RCTTypeSafety
    - React-Core
    - ReactCommon/turbomodule/core
  - React-RCTBlob (0.71.10):
    - hermes-engine
    - RCT-Folly (= 2021.07.22.00)
    - React-Codegen (= 0.71.10)
    - React-Core/RCTBlobHeaders (= 0.71.10)
    - React-Core/RCTWebSocket (= 0.71.10)
    - React-jsi (= 0.71.10)
    - React-RCTNetwork (= 0.71.10)
    - ReactCommon/turbomodule/core (= 0.71.10)
  - React-RCTImage (0.71.10):
    - RCT-Folly (= 2021.07.22.00)
    - RCTTypeSafety (= 0.71.10)
    - React-Codegen (= 0.71.10)
    - React-Core/RCTImageHeaders (= 0.71.10)
    - React-jsi (= 0.71.10)
    - React-RCTNetwork (= 0.71.10)
    - ReactCommon/turbomodule/core (= 0.71.10)
  - React-RCTLinking (0.71.10):
    - React-Codegen (= 0.71.10)
    - React-Core/RCTLinkingHeaders (= 0.71.10)
    - React-jsi (= 0.71.10)
    - ReactCommon/turbomodule/core (= 0.71.10)
  - React-RCTNetwork (0.71.10):
    - RCT-Folly (= 2021.07.22.00)
    - RCTTypeSafety (= 0.71.10)
    - React-Codegen (= 0.71.10)
    - React-Core/RCTNetworkHeaders (= 0.71.10)
    - React-jsi (= 0.71.10)
    - ReactCommon/turbomodule/core (= 0.71.10)
  - React-RCTSettings (0.71.10):
    - RCT-Folly (= 2021.07.22.00)
    - RCTTypeSafety (= 0.71.10)
    - React-Codegen (= 0.71.10)
    - React-Core/RCTSettingsHeaders (= 0.71.10)
    - React-jsi (= 0.71.10)
    - ReactCommon/turbomodule/core (= 0.71.10)
  - React-RCTText (0.71.10):
    - React-Core/RCTTextHeaders (= 0.71.10)
  - React-RCTVibration (0.71.10):
    - RCT-Folly (= 2021.07.22.00)
    - React-Codegen (= 0.71.10)
    - React-Core/RCTVibrationHeaders (= 0.71.10)
    - React-jsi (= 0.71.10)
    - ReactCommon/turbomodule/core (= 0.71.10)
  - React-runtimeexecutor (0.71.10):
    - React-jsi (= 0.71.10)
  - ReactCommon/turbomodule/bridging (0.71.10):
    - DoubleConversion
    - glog
    - hermes-engine
    - RCT-Folly (= 2021.07.22.00)
    - React-callinvoker (= 0.71.10)
    - React-Core (= 0.71.10)
    - React-cxxreact (= 0.71.10)
    - React-jsi (= 0.71.10)
    - React-logger (= 0.71.10)
    - React-perflogger (= 0.71.10)
  - ReactCommon/turbomodule/core (0.71.10):
    - DoubleConversion
    - glog
    - hermes-engine
    - RCT-Folly (= 2021.07.22.00)
    - React-callinvoker (= 0.71.10)
    - React-Core (= 0.71.10)
    - React-cxxreact (= 0.71.10)
    - React-jsi (= 0.71.10)
    - React-logger (= 0.71.10)
    - React-perflogger (= 0.71.10)
  - RNCAsyncStorage (1.17.11):
    - React-Core
  - RNFastImage (8.6.3):
    - React-Core
    - SDWebImage (~> 5.11.1)
    - SDWebImageWebPCoder (~> 0.8.4)
  - RNFlashList (1.4.3):
    - React-Core
  - RNReactNativeSharedGroupPreferences (1.1.23):
    - React
  - RNReanimated (3.1.0):
    - DoubleConversion
    - FBLazyVector
    - FBReactNativeSpec
    - glog
    - RCT-Folly
    - RCTRequired
    - RCTTypeSafety
    - React-callinvoker
    - React-Core
    - React-Core/DevSupport
    - React-Core/RCTWebSocket
    - React-CoreModules
    - React-cxxreact
    - React-jsi
    - React-jsiexecutor
    - React-jsinspector
    - React-RCTActionSheet
    - React-RCTAnimation
    - React-RCTBlob
    - React-RCTImage
    - React-RCTLinking
    - React-RCTNetwork
    - React-RCTSettings
    - React-RCTText
    - ReactCommon/turbomodule/core
    - Yoga
  - RNScreens (3.20.0):
    - React-Core
    - React-RCTImage
  - RNSentry (4.13.0):
    - React-Core
    - Sentry/HybridSDK (= 7.31.5)
  - RNSVG (13.4.0):
    - React-Core
  - SDWebImage (5.11.1):
    - SDWebImage/Core (= 5.11.1)
  - SDWebImage/Core (5.11.1)
  - SDWebImageWebPCoder (0.8.5):
    - libwebp (~> 1.0)
    - SDWebImage/Core (~> 5.10)
  - Sentry/HybridSDK (7.31.5)
  - Yoga (1.14.0)

DEPENDENCIES:
  - boost (from `../node_modules/react-native/third-party-podspecs/boost.podspec`)
  - "CoinbaseWalletSDKExpo (from `../node_modules/@coinbase/wallet-mobile-sdk/ios`)"
  - DoubleConversion (from `../node_modules/react-native/third-party-podspecs/DoubleConversion.podspec`)
  - EASClient (from `../node_modules/expo-eas-client/ios`)
  - EXApplication (from `../node_modules/expo-application/ios`)
  - EXConstants (from `../node_modules/expo-constants/ios`)
  - EXFileSystem (from `../node_modules/expo-file-system/ios`)
  - EXFont (from `../node_modules/expo-font/ios`)
  - EXJSONUtils (from `../node_modules/expo-json-utils/ios`)
  - EXManifests (from `../node_modules/expo-manifests/ios`)
  - EXNotifications (from `../node_modules/expo-notifications/ios`)
  - Expo (from `../node_modules/expo`)
  - expo-dev-client (from `../node_modules/expo-dev-client/ios`)
  - expo-dev-launcher (from `../node_modules/expo-dev-launcher`)
  - expo-dev-menu (from `../node_modules/expo-dev-menu`)
  - expo-dev-menu-interface (from `../node_modules/expo-dev-menu-interface/ios`)
  - ExpoClipboard (from `../node_modules/expo-clipboard/ios`)
  - ExpoCrypto (from `../node_modules/expo-crypto/ios`)
  - ExpoDevice (from `../node_modules/expo-device/ios`)
  - ExpoKeepAwake (from `../node_modules/expo-keep-awake/ios`)
  - ExpoModulesCore (from `../node_modules/expo-modules-core`)
  - ExpoRandom (from `../node_modules/expo-random/ios`)
  - ExpoSystemUI (from `../node_modules/expo-system-ui/ios`)
  - EXSecureStore (from `../node_modules/expo-secure-store/ios`)
  - EXSplashScreen (from `../node_modules/expo-splash-screen/ios`)
  - EXSQLite (from `../node_modules/expo-sqlite/ios`)
  - EXStructuredHeaders (from `../node_modules/expo-structured-headers/ios`)
  - EXUpdates (from `../node_modules/expo-updates/ios`)
  - EXUpdatesInterface (from `../node_modules/expo-updates-interface/ios`)
  - FBLazyVector (from `../node_modules/react-native/Libraries/FBLazyVector`)
  - FBReactNativeSpec (from `../node_modules/react-native/React/FBReactNativeSpec`)
  - glog (from `../node_modules/react-native/third-party-podspecs/glog.podspec`)
  - hermes-engine (from `../node_modules/react-native/sdks/hermes-engine/hermes-engine.podspec`)
  - libevent (~> 2.1.12)
  - RCT-Folly (from `../node_modules/react-native/third-party-podspecs/RCT-Folly.podspec`)
  - RCTRequired (from `../node_modules/react-native/Libraries/RCTRequired`)
  - RCTTypeSafety (from `../node_modules/react-native/Libraries/TypeSafety`)
  - React (from `../node_modules/react-native/`)
  - React-callinvoker (from `../node_modules/react-native/ReactCommon/callinvoker`)
  - React-Codegen (from `build/generated/ios`)
  - React-Core (from `../node_modules/react-native/`)
  - React-Core/RCTWebSocket (from `../node_modules/react-native/`)
  - React-CoreModules (from `../node_modules/react-native/React/CoreModules`)
  - React-cxxreact (from `../node_modules/react-native/ReactCommon/cxxreact`)
  - React-hermes (from `../node_modules/react-native/ReactCommon/hermes`)
  - React-jsi (from `../node_modules/react-native/ReactCommon/jsi`)
  - React-jsiexecutor (from `../node_modules/react-native/ReactCommon/jsiexecutor`)
  - React-jsinspector (from `../node_modules/react-native/ReactCommon/jsinspector`)
  - React-logger (from `../node_modules/react-native/ReactCommon/logger`)
  - react-native-get-random-values (from `../node_modules/react-native-get-random-values`)
  - react-native-keyboard-controller (from `../node_modules/react-native-keyboard-controller`)
  - react-native-mmkv (from `../node_modules/react-native-mmkv`)
  - "react-native-netinfo (from `../node_modules/@react-native-community/netinfo`)"
  - react-native-safe-area-context (from `../node_modules/react-native-safe-area-context`)
  - react-native-sfsymbols (from `../node_modules/react-native-sfsymbols`)
  - react-native-webview (from `../node_modules/react-native-webview`)
  - React-perflogger (from `../node_modules/react-native/ReactCommon/reactperflogger`)
  - React-RCTActionSheet (from `../node_modules/react-native/Libraries/ActionSheetIOS`)
  - React-RCTAnimation (from `../node_modules/react-native/Libraries/NativeAnimation`)
  - React-RCTAppDelegate (from `../node_modules/react-native/Libraries/AppDelegate`)
  - React-RCTBlob (from `../node_modules/react-native/Libraries/Blob`)
  - React-RCTImage (from `../node_modules/react-native/Libraries/Image`)
  - React-RCTLinking (from `../node_modules/react-native/Libraries/LinkingIOS`)
  - React-RCTNetwork (from `../node_modules/react-native/Libraries/Network`)
  - React-RCTSettings (from `../node_modules/react-native/Libraries/Settings`)
  - React-RCTText (from `../node_modules/react-native/Libraries/Text`)
  - React-RCTVibration (from `../node_modules/react-native/Libraries/Vibration`)
  - React-runtimeexecutor (from `../node_modules/react-native/ReactCommon/runtimeexecutor`)
  - ReactCommon/turbomodule/core (from `../node_modules/react-native/ReactCommon`)
  - "RNCAsyncStorage (from `../node_modules/@react-native-async-storage/async-storage`)"
  - RNFastImage (from `../node_modules/react-native-fast-image`)
  - "RNFlashList (from `../node_modules/@shopify/flash-list`)"
  - RNReactNativeSharedGroupPreferences (from `../node_modules/react-native-shared-group-preferences`)
  - RNReanimated (from `../node_modules/react-native-reanimated`)
  - RNScreens (from `../node_modules/react-native-screens`)
  - "RNSentry (from `../node_modules/@sentry/react-native`)"
  - RNSVG (from `../node_modules/react-native-svg`)
  - Yoga (from `../node_modules/react-native/ReactCommon/yoga`)

SPEC REPOS:
  trunk:
    - ASN1Decoder
    - CoinbaseWalletSDK
    - fmt
    - libevent
    - libwebp
    - MMKV
    - MMKVCore
    - SDWebImage
    - SDWebImageWebPCoder
    - Sentry

EXTERNAL SOURCES:
  boost:
    :podspec: "../node_modules/react-native/third-party-podspecs/boost.podspec"
  CoinbaseWalletSDKExpo:
    :path: "../node_modules/@coinbase/wallet-mobile-sdk/ios"
  DoubleConversion:
    :podspec: "../node_modules/react-native/third-party-podspecs/DoubleConversion.podspec"
  EASClient:
    :path: "../node_modules/expo-eas-client/ios"
  EXApplication:
    :path: "../node_modules/expo-application/ios"
  EXConstants:
    :path: "../node_modules/expo-constants/ios"
  EXFileSystem:
    :path: "../node_modules/expo-file-system/ios"
  EXFont:
    :path: "../node_modules/expo-font/ios"
  EXJSONUtils:
    :path: "../node_modules/expo-json-utils/ios"
  EXManifests:
    :path: "../node_modules/expo-manifests/ios"
  EXNotifications:
    :path: "../node_modules/expo-notifications/ios"
  Expo:
    :path: "../node_modules/expo"
  expo-dev-client:
    :path: "../node_modules/expo-dev-client/ios"
  expo-dev-launcher:
    :path: "../node_modules/expo-dev-launcher"
  expo-dev-menu:
    :path: "../node_modules/expo-dev-menu"
  expo-dev-menu-interface:
    :path: "../node_modules/expo-dev-menu-interface/ios"
  ExpoClipboard:
    :path: "../node_modules/expo-clipboard/ios"
  ExpoCrypto:
    :path: "../node_modules/expo-crypto/ios"
  ExpoDevice:
    :path: "../node_modules/expo-device/ios"
  ExpoKeepAwake:
    :path: "../node_modules/expo-keep-awake/ios"
  ExpoModulesCore:
    :path: "../node_modules/expo-modules-core"
  ExpoRandom:
    :path: "../node_modules/expo-random/ios"
  ExpoSystemUI:
    :path: "../node_modules/expo-system-ui/ios"
  EXSecureStore:
    :path: "../node_modules/expo-secure-store/ios"
  EXSplashScreen:
    :path: "../node_modules/expo-splash-screen/ios"
  EXSQLite:
    :path: "../node_modules/expo-sqlite/ios"
  EXStructuredHeaders:
    :path: "../node_modules/expo-structured-headers/ios"
  EXUpdates:
    :path: "../node_modules/expo-updates/ios"
  EXUpdatesInterface:
    :path: "../node_modules/expo-updates-interface/ios"
  FBLazyVector:
    :path: "../node_modules/react-native/Libraries/FBLazyVector"
  FBReactNativeSpec:
    :path: "../node_modules/react-native/React/FBReactNativeSpec"
  glog:
    :podspec: "../node_modules/react-native/third-party-podspecs/glog.podspec"
  hermes-engine:
    :podspec: "../node_modules/react-native/sdks/hermes-engine/hermes-engine.podspec"
  RCT-Folly:
    :podspec: "../node_modules/react-native/third-party-podspecs/RCT-Folly.podspec"
  RCTRequired:
    :path: "../node_modules/react-native/Libraries/RCTRequired"
  RCTTypeSafety:
    :path: "../node_modules/react-native/Libraries/TypeSafety"
  React:
    :path: "../node_modules/react-native/"
  React-callinvoker:
    :path: "../node_modules/react-native/ReactCommon/callinvoker"
  React-Codegen:
    :path: build/generated/ios
  React-Core:
    :path: "../node_modules/react-native/"
  React-CoreModules:
    :path: "../node_modules/react-native/React/CoreModules"
  React-cxxreact:
    :path: "../node_modules/react-native/ReactCommon/cxxreact"
  React-hermes:
    :path: "../node_modules/react-native/ReactCommon/hermes"
  React-jsi:
    :path: "../node_modules/react-native/ReactCommon/jsi"
  React-jsiexecutor:
    :path: "../node_modules/react-native/ReactCommon/jsiexecutor"
  React-jsinspector:
    :path: "../node_modules/react-native/ReactCommon/jsinspector"
  React-logger:
    :path: "../node_modules/react-native/ReactCommon/logger"
  react-native-get-random-values:
    :path: "../node_modules/react-native-get-random-values"
  react-native-keyboard-controller:
    :path: "../node_modules/react-native-keyboard-controller"
  react-native-mmkv:
    :path: "../node_modules/react-native-mmkv"
  react-native-netinfo:
    :path: "../node_modules/@react-native-community/netinfo"
  react-native-safe-area-context:
    :path: "../node_modules/react-native-safe-area-context"
  react-native-sfsymbols:
    :path: "../node_modules/react-native-sfsymbols"
  react-native-webview:
    :path: "../node_modules/react-native-webview"
  React-perflogger:
    :path: "../node_modules/react-native/ReactCommon/reactperflogger"
  React-RCTActionSheet:
    :path: "../node_modules/react-native/Libraries/ActionSheetIOS"
  React-RCTAnimation:
    :path: "../node_modules/react-native/Libraries/NativeAnimation"
  React-RCTAppDelegate:
    :path: "../node_modules/react-native/Libraries/AppDelegate"
  React-RCTBlob:
    :path: "../node_modules/react-native/Libraries/Blob"
  React-RCTImage:
    :path: "../node_modules/react-native/Libraries/Image"
  React-RCTLinking:
    :path: "../node_modules/react-native/Libraries/LinkingIOS"
  React-RCTNetwork:
    :path: "../node_modules/react-native/Libraries/Network"
  React-RCTSettings:
    :path: "../node_modules/react-native/Libraries/Settings"
  React-RCTText:
    :path: "../node_modules/react-native/Libraries/Text"
  React-RCTVibration:
    :path: "../node_modules/react-native/Libraries/Vibration"
  React-runtimeexecutor:
    :path: "../node_modules/react-native/ReactCommon/runtimeexecutor"
  ReactCommon:
    :path: "../node_modules/react-native/ReactCommon"
  RNCAsyncStorage:
    :path: "../node_modules/@react-native-async-storage/async-storage"
  RNFastImage:
    :path: "../node_modules/react-native-fast-image"
  RNFlashList:
    :path: "../node_modules/@shopify/flash-list"
  RNReactNativeSharedGroupPreferences:
    :path: "../node_modules/react-native-shared-group-preferences"
  RNReanimated:
    :path: "../node_modules/react-native-reanimated"
  RNScreens:
    :path: "../node_modules/react-native-screens"
  RNSentry:
    :path: "../node_modules/@sentry/react-native"
  RNSVG:
    :path: "../node_modules/react-native-svg"
  Yoga:
    :path: "../node_modules/react-native/ReactCommon/yoga"

SPEC CHECKSUMS:
  ASN1Decoder: 6110fdeacfdb41559b1481457a1645be716610aa
  boost: 57d2868c099736d80fcd648bf211b4431e51a558
  CoinbaseWalletSDK: ea1f37512bbc69ebe07416e3b29bf840f5cc3152
  CoinbaseWalletSDKExpo: bb952ead802dc20e7214e5a2bdf35f8584f02441
  DoubleConversion: 5189b271737e1565bdce30deb4a08d647e3f5f54
  EASClient: 950674e1098ebc09c4c2cf064a61e42e84d9d4c6
  EXApplication: d8f53a7eee90a870a75656280e8d4b85726ea903
  EXConstants: f348da07e21b23d2b085e270d7b74f282df1a7d9
  EXFileSystem: 844e86ca9b5375486ecc4ef06d3838d5597d895d
  EXFont: 6ea3800df746be7233208d80fe379b8ed74f4272
  EXJSONUtils: 48b1e764ac35160e6f54d21ab60d7d9501f3e473
  EXManifests: 500666d48e8dd7ca5a482c9e729e4a7a6c34081b
  EXNotifications: dd628737af60fc8cc62dccebacd326b0fbbc0dcb
  Expo: 8448e3a2aa1b295f029c81551e1ab6d986517fdb
  expo-dev-client: 92b9e487ad6a05a3ad1dda70334729ccaf622bfe
  expo-dev-launcher: 5275974e9f825f70a33bb79301a8ab894179fa94
  expo-dev-menu: 9fc1c3f1e4966a9764cae9c5d361d468b907116a
  expo-dev-menu-interface: 6c82ae323c4b8724dead4763ce3ff24a2108bdb1
  ExpoClipboard: 9b87df0ad145e3aa841614fab6aea54b7a604850
  ExpoCrypto: 477dfe89c81527b376f2c344ca1d2a01244b243c
  ExpoDevice: e0bebf68f978b3d353377ce42e73c20c0a070215
  ExpoKeepAwake: 69f5f627670d62318410392d03e0b5db0f85759a
  ExpoModulesCore: 653958063a301098b541ae4dfed1ac0b98db607b
  ExpoRandom: 7ee07d62e7003b74d0536e0495e3a653fe1b2a74
  ExpoSystemUI: 0be5173ee2a7c01e9abc44f56d879a1eaaa16527
  EXSecureStore: e8923258361cc406d0401af380f12bd05b2b720f
  EXSplashScreen: 0e0a9ba0cf7553094e93213099bd7b42e6e237e9
  EXSQLite: 848167441b14cb6cdd6ae46c8d62289161a79550
  EXStructuredHeaders: b1a48d732562e2cc81f11771bcfd29534f5d9254
  EXUpdates: 603c4dfec2ed9ef323dfbd9c59c946593d4d9a5c
  EXUpdatesInterface: dd699d1930e28639dcbd70a402caea98e86364ca
  FBLazyVector: ddb55c55295ea51ed98aa7e2e08add2f826309d5
  FBReactNativeSpec: 90fc1a90b4b7a171e0a7c20ea426c1bf6ce4399c
  fmt: ff9d55029c625d3757ed641535fd4a75fedc7ce9
  glog: 04b94705f318337d7ead9e6d17c019bd9b1f6b1b
  hermes-engine: d27603b55a48402501ad1928c05411dae9cd6b85
  libevent: 4049cae6c81cdb3654a443be001fb9bdceff7913
  libwebp: f62cb61d0a484ba548448a4bd52aabf150ff6eef
  MMKV: 7f34558bbb5a33b0eaefae2de4b6a20a2ffdad6f
  MMKVCore: ddf41b9d9262f058419f9ba7598719af56c02cd3
  RCT-Folly: 424b8c9a7a0b9ab2886ffe9c3b041ef628fd4fb1
  RCTRequired: 8ef706f91e2b643cd32c26a57700b5f24fab0585
  RCTTypeSafety: 5fbddd8eb9242b91ac0d901c01da3673f358b1b7
  React: e5d2d559e89d256a1d6da64d51adaecda9c8ddae
  React-callinvoker: 352ecbafbdccca5fdf4aed99c98ae5b7fc28e39b
  React-Codegen: fa660a71e24078b2e52a62ecc2f3048c2f8ae6d7
  React-Core: 4ec45c2d537fe58e6d878bec6a13e3e2bed9c182
  React-CoreModules: 63f7f9fda3d4b214040a80e3f47ab4fb9a3e88e6
  React-cxxreact: 1a729807190ebf98ce5fb0c3d2ed211e8b5f2f87
  React-hermes: eb93eb6e7921ecd4abcc6e741b327f40763e850f
  React-jsi: 1995961abdff0c9af9aae8a6b24468f21811000e
  React-jsiexecutor: 4bb480a183a354e4dbfb1012936b1a2bb9357de7
  React-jsinspector: cdc854f8b13abd202afa54bc12578e5afb9cfae1
  React-logger: ef2269b3afa6ba868da90496c3e17a4ec4f4cee0
  react-native-get-random-values: a6ea6a8a65dc93e96e24a11105b1a9c8cfe1d72a
  react-native-keyboard-controller: de9b86cbc970ae095f0bcbd98f4b72c9026f568b
  react-native-mmkv: 2e5bf67513cc8deed86fcffe87e12b8cc250dfab
  react-native-netinfo: 2517ad504b3d303e90d7a431b0fcaef76d207983
  react-native-safe-area-context: 39c2d8be3328df5d437ac1700f4f3a4f75716acc
  react-native-sfsymbols: bd3a0d3eab185e80b571bae60753dcf5a0d57967
  react-native-webview: 994b9f8fbb504d6314dc40d83f94f27c6831b3bf
  React-perflogger: 217095464d5c4bb70df0742fa86bf2a363693468
  React-RCTActionSheet: 8deae9b85a4cbc6a2243618ea62a374880a2c614
  React-RCTAnimation: 59c62353a8b59ce206044786c5d30e4754bffa64
  React-RCTAppDelegate: ef66a6904141fca96bffb00fac327a482b575f19
  React-RCTBlob: 8e518bae3d6ca97ffb7088da673fbbc53042d94d
  React-RCTImage: 36c0324ff499802b9874d6803ca72026e90434f6
  React-RCTLinking: 401aec3a01b18c2c8ed93bf3a6758b87e617c58d
  React-RCTNetwork: cb25b9f2737c3aa2cde0fe0bd7ff7fabf7bf9ad0
  React-RCTSettings: cb6ae9f656e1c880500c2ecbe8e72861c2262afa
  React-RCTText: 7404fd01809244d79d456f92cfe6f9fbadf69209
  React-RCTVibration: d13cc2d63286c633393d3a7f6f607cc2a09ec011
  React-runtimeexecutor: a9a1cd79996c9a0846e3232ecb25c64e1cc0172e
  ReactCommon: 65718685d4095d06b4b1af8042e12f1df2925c31
  RNCAsyncStorage: 8616bd5a58af409453ea4e1b246521bb76578d60
  RNFastImage: 5c9c9fed9c076e521b3f509fe79e790418a544e8
  RNFlashList: ade81b4e928ebd585dd492014d40fb8d0e848aab
  RNReactNativeSharedGroupPreferences: de0121a4224c267bc7e9fb16c398f3f087c8da81
  RNReanimated: b1220a0e5168745283ff5d53bfc7d2144b2cee1b
  RNScreens: 218801c16a2782546d30bd2026bb625c0302d70f
  RNSentry: acebe4104a6f5915ae871eb59dc73f13dcc92ef7
  RNSVG: 07dbd870b0dcdecc99b3a202fa37c8ca163caec2
  SDWebImage: a7f831e1a65eb5e285e3fb046a23fcfbf08e696d
  SDWebImageWebPCoder: 908b83b6adda48effe7667cd2b7f78c897e5111d
  Sentry: 4c9babff9034785067c896fd580b1f7de44da020
  Yoga: e7ea9e590e27460d28911403b894722354d73479

PODFILE CHECKSUM: 3f3dfb134f88f858158eee041249e9c4f51bd094

COCOAPODS: 1.12.1
